// !$*UTF8*$!
{
	archiveVersion = 1;
	classes = {
	};
	objectVersion = 55;
	objects = {

/* Begin PBXBuildFile section */
		774C219E27AB0484005E903A /* AppDelegate.swift in Sources */ = {isa = PBXBuildFile; fileRef = 774C219D27AB0484005E903A /* AppDelegate.swift */; };
		774C21A027AB0484005E903A /* SceneDelegate.swift in Sources */ = {isa = PBXBuildFile; fileRef = 774C219F27AB0484005E903A /* SceneDelegate.swift */; };
		774C21A727AB0485005E903A /* Assets.xcassets in Resources */ = {isa = PBXBuildFile; fileRef = 774C21A627AB0485005E903A /* Assets.xcassets */; };
		774C21AA27AB0485005E903A /* LaunchScreen.storyboard in Resources */ = {isa = PBXBuildFile; fileRef = 774C21A827AB0485005E903A /* LaunchScreen.storyboard */; };
		774C21B227AB417C005E903A /* CreateGroupVC.swift in Sources */ = {isa = PBXBuildFile; fileRef = 774C21B127AB417C005E903A /* CreateGroupVC.swift */; };
		774C21C327B0D6A7005E903A /* HomeViewController.swift in Sources */ = {isa = PBXBuildFile; fileRef = 774C21C227B0D6A7005E903A /* HomeViewController.swift */; };
		774C21C727B42CE9005E903A /* CustomTableViewCell.swift in Sources */ = {isa = PBXBuildFile; fileRef = 774C21C627B42CE9005E903A /* CustomTableViewCell.swift */; };
		774C21E327C553C0005E903A /* Checkbox.swift in Sources */ = {isa = PBXBuildFile; fileRef = 774C21E227C553C0005E903A /* Checkbox.swift */; };
		775899B427D192F900019263 /* Gabe_Problems.swift in Sources */ = {isa = PBXBuildFile; fileRef = 775899B327D192F900019263 /* Gabe_Problems.swift */; };
		775899B627D1946800019263 /* Gabe_ProblemAnswers.swift in Sources */ = {isa = PBXBuildFile; fileRef = 775899B527D1946800019263 /* Gabe_ProblemAnswers.swift */; };
		7787280427D0263A0060B496 /* WeeksClassVC.swift in Sources */ = {isa = PBXBuildFile; fileRef = 7787280327D0263A0060B496 /* WeeksClassVC.swift */; };
/* End PBXBuildFile section */

/* Begin PBXFileReference section */
		774C219A27AB0484005E903A /* DnDOrganizer.app */ = {isa = PBXFileReference; explicitFileType = wrapper.application; includeInIndex = 0; path = DnDOrganizer.app; sourceTree = BUILT_PRODUCTS_DIR; };
		774C219D27AB0484005E903A /* AppDelegate.swift */ = {isa = PBXFileReference; lastKnownFileType = sourcecode.swift; path = AppDelegate.swift; sourceTree = "<group>"; };
		774C219F27AB0484005E903A /* SceneDelegate.swift */ = {isa = PBXFileReference; lastKnownFileType = sourcecode.swift; path = SceneDelegate.swift; sourceTree = "<group>"; };
		774C21A627AB0485005E903A /* Assets.xcassets */ = {isa = PBXFileReference; lastKnownFileType = folder.assetcatalog; path = Assets.xcassets; sourceTree = "<group>"; };
		774C21A927AB0485005E903A /* Base */ = {isa = PBXFileReference; lastKnownFileType = file.storyboard; name = Base; path = Base.lproj/LaunchScreen.storyboard; sourceTree = "<group>"; };
		774C21AB27AB0485005E903A /* Info.plist */ = {isa = PBXFileReference; lastKnownFileType = text.plist.xml; path = Info.plist; sourceTree = "<group>"; };
		774C21B127AB417C005E903A /* CreateGroupVC.swift */ = {isa = PBXFileReference; lastKnownFileType = sourcecode.swift; path = CreateGroupVC.swift; sourceTree = "<group>"; };
		774C21C227B0D6A7005E903A /* HomeViewController.swift */ = {isa = PBXFileReference; fileEncoding = 4; lastKnownFileType = sourcecode.swift; name = HomeViewController.swift; path = "Thirdview controller/HomeViewController.swift"; sourceTree = "<group>"; };
		774C21C627B42CE9005E903A /* CustomTableViewCell.swift */ = {isa = PBXFileReference; lastKnownFileType = sourcecode.swift; path = CustomTableViewCell.swift; sourceTree = "<group>"; };
		774C21E227C553C0005E903A /* Checkbox.swift */ = {isa = PBXFileReference; lastKnownFileType = sourcecode.swift; path = Checkbox.swift; sourceTree = "<group>"; };
		775899B327D192F900019263 /* Gabe_Problems.swift */ = {isa = PBXFileReference; lastKnownFileType = sourcecode.swift; path = Gabe_Problems.swift; sourceTree = "<group>"; };
		775899B527D1946800019263 /* Gabe_ProblemAnswers.swift */ = {isa = PBXFileReference; lastKnownFileType = sourcecode.swift; path = Gabe_ProblemAnswers.swift; sourceTree = "<group>"; };
		7787280327D0263A0060B496 /* WeeksClassVC.swift */ = {isa = PBXFileReference; lastKnownFileType = sourcecode.swift; path = WeeksClassVC.swift; sourceTree = "<group>"; };
/* End PBXFileReference section */

/* Begin PBXFrameworksBuildPhase section */
		774C219727AB0484005E903A /* Frameworks */ = {
			isa = PBXFrameworksBuildPhase;
			buildActionMask = 2147483647;
			files = (
			);
			runOnlyForDeploymentPostprocessing = 0;
		};
/* End PBXFrameworksBuildPhase section */

/* Begin PBXGroup section */
		774C219127AB0484005E903A = {
			isa = PBXGroup;
			children = (
				774C219C27AB0484005E903A /* DnDOrganizer */,
				774C219B27AB0484005E903A /* Products */,
			);
			sourceTree = "<group>";
		};
		774C219B27AB0484005E903A /* Products */ = {
			isa = PBXGroup;
			children = (
				774C219A27AB0484005E903A /* DnDOrganizer.app */,
			);
			name = Products;
			sourceTree = "<group>";
		};
		774C219C27AB0484005E903A /* DnDOrganizer */ = {
			isa = PBXGroup;
			children = (
				775899B227D192DA00019263 /* Gabe_Practices */,
				774C219D27AB0484005E903A /* AppDelegate.swift */,
				774C219F27AB0484005E903A /* SceneDelegate.swift */,
				774C21C227B0D6A7005E903A /* HomeViewController.swift */,
				7787280327D0263A0060B496 /* WeeksClassVC.swift */,
				774C21B127AB417C005E903A /* CreateGroupVC.swift */,
				774C21C627B42CE9005E903A /* CustomTableViewCell.swift */,
				774C21E227C553C0005E903A /* Checkbox.swift */,
				774C21A627AB0485005E903A /* Assets.xcassets */,
				774C21A827AB0485005E903A /* LaunchScreen.storyboard */,
				774C21AB27AB0485005E903A /* Info.plist */,
			);
			path = DnDOrganizer;
			sourceTree = "<group>";
		};
		775899B227D192DA00019263 /* Gabe_Practices */ = {
			isa = PBXGroup;
			children = (
				775899B327D192F900019263 /* Gabe_Problems.swift */,
				775899B527D1946800019263 /* Gabe_ProblemAnswers.swift */,
			);
			path = Gabe_Practices;
			sourceTree = "<group>";
		};
/* End PBXGroup section */

/* Begin PBXNativeTarget section */
		774C219927AB0484005E903A /* DnDOrganizer */ = {
			isa = PBXNativeTarget;
			buildConfigurationList = 774C21AE27AB0485005E903A /* Build configuration list for PBXNativeTarget "DnDOrganizer" */;
			buildPhases = (
				774C219627AB0484005E903A /* Sources */,
				774C219727AB0484005E903A /* Frameworks */,
				774C219827AB0484005E903A /* Resources */,
			);
			buildRules = (
			);
			dependencies = (
			);
			name = DnDOrganizer;
			productName = DnDOrganizer;
			productReference = 774C219A27AB0484005E903A /* DnDOrganizer.app */;
			productType = "com.apple.product-type.application";
		};
/* End PBXNativeTarget section */

/* Begin PBXProject section */
		774C219227AB0484005E903A /* Project object */ = {
			isa = PBXProject;
			attributes = {
				BuildIndependentTargetsInParallel = 1;
				LastSwiftUpdateCheck = 1310;
				LastUpgradeCheck = 1310;
				TargetAttributes = {
					774C219927AB0484005E903A = {
						CreatedOnToolsVersion = 13.1;
					};
				};
			};
			buildConfigurationList = 774C219527AB0484005E903A /* Build configuration list for PBXProject "DnDOrganizer" */;
			compatibilityVersion = "Xcode 13.0";
			developmentRegion = en;
			hasScannedForEncodings = 0;
			knownRegions = (
				en,
				Base,
			);
			mainGroup = 774C219127AB0484005E903A;
			productRefGroup = 774C219B27AB0484005E903A /* Products */;
			projectDirPath = "";
			projectRoot = "";
			targets = (
				774C219927AB0484005E903A /* DnDOrganizer */,
			);
		};
/* End PBXProject section */

/* Begin PBXResourcesBuildPhase section */
		774C219827AB0484005E903A /* Resources */ = {
			isa = PBXResourcesBuildPhase;
			buildActionMask = 2147483647;
			files = (
				774C21AA27AB0485005E903A /* LaunchScreen.storyboard in Resources */,
				774C21A727AB0485005E903A /* Assets.xcassets in Resources */,
			);
			runOnlyForDeploymentPostprocessing = 0;
		};
/* End PBXResourcesBuildPhase section */

/* Begin PBXSourcesBuildPhase section */
		774C219627AB0484005E903A /* Sources */ = {
			isa = PBXSourcesBuildPhase;
			buildActionMask = 2147483647;
			files = (
				775899B427D192F900019263 /* Gabe_Problems.swift in Sources */,
				774C21B227AB417C005E903A /* CreateGroupVC.swift in Sources */,
				774C21C727B42CE9005E903A /* CustomTableViewCell.swift in Sources */,
				774C21E327C553C0005E903A /* Checkbox.swift in Sources */,
				774C219E27AB0484005E903A /* AppDelegate.swift in Sources */,
				7787280427D0263A0060B496 /* WeeksClassVC.swift in Sources */,
				774C21A027AB0484005E903A /* SceneDelegate.swift in Sources */,
				774C21C327B0D6A7005E903A /* HomeViewController.swift in Sources */,
				775899B627D1946800019263 /* Gabe_ProblemAnswers.swift in Sources */,
			);
			runOnlyForDeploymentPostprocessing = 0;
		};
/* End PBXSourcesBuildPhase section */

/* Begin PBXVariantGroup section */
		774C21A827AB0485005E903A /* LaunchScreen.storyboard */ = {
			isa = PBXVariantGroup;
			children = (
				774C21A927AB0485005E903A /* Base */,
			);
			name = LaunchScreen.storyboard;
			sourceTree = "<group>";
		};
/* End PBXVariantGroup section */

/* Begin XCBuildConfiguration section */
		774C21AC27AB0485005E903A /* Debug */ = {
			isa = XCBuildConfiguration;
			buildSettings = {
				ALWAYS_SEARCH_USER_PATHS = NO;
				CLANG_ANALYZER_NONNULL = YES;
				CLANG_ANALYZER_NUMBER_OBJECT_CONVERSION = YES_AGGRESSIVE;
				CLANG_CXX_LANGUAGE_STANDARD = "gnu++17";
				CLANG_CXX_LIBRARY = "libc++";
				CLANG_ENABLE_MODULES = YES;
				CLANG_ENABLE_OBJC_ARC = YES;
				CLANG_ENABLE_OBJC_WEAK = YES;
				CLANG_WARN_BLOCK_CAPTURE_AUTORELEASING = YES;
				CLANG_WARN_BOOL_CONVERSION = YES;
				CLANG_WARN_COMMA = YES;
				CLANG_WARN_CONSTANT_CONVERSION = YES;
				CLANG_WARN_DEPRECATED_OBJC_IMPLEMENTATIONS = YES;
				CLANG_WARN_DIRECT_OBJC_ISA_USAGE = YES_ERROR;
				CLANG_WARN_DOCUMENTATION_COMMENTS = YES;
				CLANG_WARN_EMPTY_BODY = YES;
				CLANG_WARN_ENUM_CONVERSION = YES;
				CLANG_WARN_INFINITE_RECURSION = YES;
				CLANG_WARN_INT_CONVERSION = YES;
				CLANG_WARN_NON_LITERAL_NULL_CONVERSION = YES;
				CLANG_WARN_OBJC_IMPLICIT_RETAIN_SELF = YES;
				CLANG_WARN_OBJC_LITERAL_CONVERSION = YES;
				CLANG_WARN_OBJC_ROOT_CLASS = YES_ERROR;
				CLANG_WARN_QUOTED_INCLUDE_IN_FRAMEWORK_HEADER = YES;
				CLANG_WARN_RANGE_LOOP_ANALYSIS = YES;
				CLANG_WARN_STRICT_PROTOTYPES = YES;
				CLANG_WARN_SUSPICIOUS_MOVE = YES;
				CLANG_WARN_UNGUARDED_AVAILABILITY = YES_AGGRESSIVE;
				CLANG_WARN_UNREACHABLE_CODE = YES;
				CLANG_WARN__DUPLICATE_METHOD_MATCH = YES;
				COPY_PHASE_STRIP = NO;
				DEBUG_INFORMATION_FORMAT = dwarf;
				ENABLE_STRICT_OBJC_MSGSEND = YES;
				ENABLE_TESTABILITY = YES;
				GCC_C_LANGUAGE_STANDARD = gnu11;
				GCC_DYNAMIC_NO_PIC = NO;
				GCC_NO_COMMON_BLOCKS = YES;
				GCC_OPTIMIZATION_LEVEL = 0;
				GCC_PREPROCESSOR_DEFINITIONS = (
					"DEBUG=1",
					"$(inherited)",
				);
				GCC_WARN_64_TO_32_BIT_CONVERSION = YES;
				GCC_WARN_ABOUT_RETURN_TYPE = YES_ERROR;
				GCC_WARN_UNDECLARED_SELECTOR = YES;
				GCC_WARN_UNINITIALIZED_AUTOS = YES_AGGRESSIVE;
				GCC_WARN_UNUSED_FUNCTION = YES;
				GCC_WARN_UNUSED_VARIABLE = YES;
				IPHONEOS_DEPLOYMENT_TARGET = 15.0;
				MTL_ENABLE_DEBUG_INFO = INCLUDE_SOURCE;
				MTL_FAST_MATH = YES;
				ONLY_ACTIVE_ARCH = YES;
				SDKROOT = iphoneos;
				SWIFT_ACTIVE_COMPILATION_CONDITIONS = DEBUG;
				SWIFT_OPTIMIZATION_LEVEL = "-Onone";
			};
			name = Debug;
		};
		774C21AD27AB0485005E903A /* Release */ = {
			isa = XCBuildConfiguration;
			buildSettings = {
				ALWAYS_SEARCH_USER_PATHS = NO;
				CLANG_ANALYZER_NONNULL = YES;
				CLANG_ANALYZER_NUMBER_OBJECT_CONVERSION = YES_AGGRESSIVE;
				CLANG_CXX_LANGUAGE_STANDARD = "gnu++17";
				CLANG_CXX_LIBRARY = "libc++";
				CLANG_ENABLE_MODULES = YES;
				CLANG_ENABLE_OBJC_ARC = YES;
				CLANG_ENABLE_OBJC_WEAK = YES;
				CLANG_WARN_BLOCK_CAPTURE_AUTORELEASING = YES;
				CLANG_WARN_BOOL_CONVERSION = YES;
				CLANG_WARN_COMMA = YES;
				CLANG_WARN_CONSTANT_CONVERSION = YES;
				CLANG_WARN_DEPRECATED_OBJC_IMPLEMENTATIONS = YES;
				CLANG_WARN_DIRECT_OBJC_ISA_USAGE = YES_ERROR;
				CLANG_WARN_DOCUMENTATION_COMMENTS = YES;
				CLANG_WARN_EMPTY_BODY = YES;
				CLANG_WARN_ENUM_CONVERSION = YES;
				CLANG_WARN_INFINITE_RECURSION = YES;
				CLANG_WARN_INT_CONVERSION = YES;
				CLANG_WARN_NON_LITERAL_NULL_CONVERSION = YES;
				CLANG_WARN_OBJC_IMPLICIT_RETAIN_SELF = YES;
				CLANG_WARN_OBJC_LITERAL_CONVERSION = YES;
				CLANG_WARN_OBJC_ROOT_CLASS = YES_ERROR;
				CLANG_WARN_QUOTED_INCLUDE_IN_FRAMEWORK_HEADER = YES;
				CLANG_WARN_RANGE_LOOP_ANALYSIS = YES;
				CLANG_WARN_STRICT_PROTOTYPES = YES;
				CLANG_WARN_SUSPICIOUS_MOVE = YES;
				CLANG_WARN_UNGUARDED_AVAILABILITY = YES_AGGRESSIVE;
				CLANG_WARN_UNREACHABLE_CODE = YES;
				CLANG_WARN__DUPLICATE_METHOD_MATCH = YES;
				COPY_PHASE_STRIP = NO;
				DEBUG_INFORMATION_FORMAT = "dwarf-with-dsym";
				ENABLE_NS_ASSERTIONS = NO;
				ENABLE_STRICT_OBJC_MSGSEND = YES;
				GCC_C_LANGUAGE_STANDARD = gnu11;
				GCC_NO_COMMON_BLOCKS = YES;
				GCC_WARN_64_TO_32_BIT_CONVERSION = YES;
				GCC_WARN_ABOUT_RETURN_TYPE = YES_ERROR;
				GCC_WARN_UNDECLARED_SELECTOR = YES;
				GCC_WARN_UNINITIALIZED_AUTOS = YES_AGGRESSIVE;
				GCC_WARN_UNUSED_FUNCTION = YES;
				GCC_WARN_UNUSED_VARIABLE = YES;
				IPHONEOS_DEPLOYMENT_TARGET = 15.0;
				MTL_ENABLE_DEBUG_INFO = NO;
				MTL_FAST_MATH = YES;
				SDKROOT = iphoneos;
				SWIFT_COMPILATION_MODE = wholemodule;
				SWIFT_OPTIMIZATION_LEVEL = "-O";
				VALIDATE_PRODUCT = YES;
			};
			name = Release;
		};
		774C21AF27AB0485005E903A /* Debug */ = {
			isa = XCBuildConfiguration;
			buildSettings = {
				ASSETCATALOG_COMPILER_APPICON_NAME = AppIcon;
				ASSETCATALOG_COMPILER_GLOBAL_ACCENT_COLOR_NAME = AccentColor;
				CODE_SIGN_STYLE = Automatic;
				CURRENT_PROJECT_VERSION = 1;
				DEVELOPMENT_TEAM = "";
				GENERATE_INFOPLIST_FILE = YES;
				INFOPLIST_FILE = DnDOrganizer/Info.plist;
				INFOPLIST_KEY_UIApplicationSupportsIndirectInputEvents = YES;
				INFOPLIST_KEY_UILaunchStoryboardName = LaunchScreen;
				INFOPLIST_KEY_UISupportedInterfaceOrientations_iPad = "UIInterfaceOrientationPortrait UIInterfaceOrientationPortraitUpsideDown UIInterfaceOrientationLandscapeLeft UIInterfaceOrientationLandscapeRight";
				INFOPLIST_KEY_UISupportedInterfaceOrientations_iPhone = "UIInterfaceOrientationPortrait UIInterfaceOrientationLandscapeLeft UIInterfaceOrientationLandscapeRight";
				LD_RUNPATH_SEARCH_PATHS = (
					"$(inherited)",
					"@executable_path/Frameworks",
				);
				MARKETING_VERSION = 1.0;
				PRODUCT_BUNDLE_IDENTIFIER = TRBoulder.DnDOrganizer;
				PRODUCT_NAME = "$(TARGET_NAME)";
				SWIFT_EMIT_LOC_STRINGS = YES;
				SWIFT_VERSION = 5.0;
				TARGETED_DEVICE_FAMILY = "1,2";
			};
			name = Debug;
		};
		774C21B027AB0485005E903A /* Release */ = {
			isa = XCBuildConfiguration;
			buildSettings = {
				ASSETCATALOG_COMPILER_APPICON_NAME = AppIcon;
				ASSETCATALOG_COMPILER_GLOBAL_ACCENT_COLOR_NAME = AccentColor;
				CODE_SIGN_STYLE = Automatic;
				CURRENT_PROJECT_VERSION = 1;
				DEVELOPMENT_TEAM = "";
				GENERATE_INFOPLIST_FILE = YES;
				INFOPLIST_FILE = DnDOrganizer/Info.plist;
				INFOPLIST_KEY_UIApplicationSupportsIndirectInputEvents = YES;
				INFOPLIST_KEY_UILaunchStoryboardName = LaunchScreen;
				INFOPLIST_KEY_UISupportedInterfaceOrientations_iPad = "UIInterfaceOrientationPortrait UIInterfaceOrientationPortraitUpsideDown UIInterfaceOrientationLandscapeLeft UIInterfaceOrientationLandscapeRight";
				INFOPLIST_KEY_UISupportedInterfaceOrientations_iPhone = "UIInterfaceOrientationPortrait UIInterfaceOrientationLandscapeLeft UIInterfaceOrientationLandscapeRight";
				LD_RUNPATH_SEARCH_PATHS = (
					"$(inherited)",
					"@executable_path/Frameworks",
				);
				MARKETING_VERSION = 1.0;
				PRODUCT_BUNDLE_IDENTIFIER = TRBoulder.DnDOrganizer;
				PRODUCT_NAME = "$(TARGET_NAME)";
				SWIFT_EMIT_LOC_STRINGS = YES;
				SWIFT_VERSION = 5.0;
				TARGETED_DEVICE_FAMILY = "1,2";
			};
			name = Release;
		};
/* End XCBuildConfiguration section */

/* Begin XCConfigurationList section */
		774C219527AB0484005E903A /* Build configuration list for PBXProject "DnDOrganizer" */ = {
			isa = XCConfigurationList;
			buildConfigurations = (
				774C21AC27AB0485005E903A /* Debug */,
				774C21AD27AB0485005E903A /* Release */,
			);
			defaultConfigurationIsVisible = 0;
			defaultConfigurationName = Release;
		};
		774C21AE27AB0485005E903A /* Build configuration list for PBXNativeTarget "DnDOrganizer" */ = {
			isa = XCConfigurationList;
			buildConfigurations = (
				774C21AF27AB0485005E903A /* Debug */,
				774C21B027AB0485005E903A /* Release */,
			);
			defaultConfigurationIsVisible = 0;
			defaultConfigurationName = Release;
		};
/* End XCConfigurationList section */
	};
	rootObject = 774C219227AB0484005E903A /* Project object */;
}
